
Microsoft Visual Studio Solution File, Format Version 11.00
# Visual Studio 2010
Project("{FAE04EC0-301F-11D3-BF4B-00C04F79EFBC}") = "MRITable-Intel", "MRITable-Intel\MRITable-Intel.csproj", "{18D493AC-D1A4-42D9-8930-255B9B6891BB}"
EndProject
Project("{FAE04EC0-301F-11D3-BF4B-00C04F79EFBC}") = "IntelDepth", "..\IntelDepth\IntelDepth\IntelDepth\IntelDepth.csproj", "{D9C78EE9-AA4B-44C3-9A82-90D8313C9812}"
EndProject
Global
	GlobalSection(SolutionConfigurationPlatforms) = preSolution
		Debug|Any CPU = Debug|Any CPU
		Debug|x86 = Debug|x86
		Release|Any CPU = Release|Any CPU
		Release|x86 = Release|x86
	EndGlobalSection
	GlobalSection(ProjectConfigurationPlatforms) = postSolution
		{18D493AC-D1A4-42D9-8930-255B9B6891BB}.Debug|Any CPU.ActiveCfg = Debug|Any CPU
		{18D493AC-D1A4-42D9-8930-255B9B6891BB}.Debug|Any CPU.Build.0 = Debug|Any CPU
		{18D493AC-D1A4-42D9-8930-255B9B6891BB}.Debug|x86.ActiveCfg = Debug|x86
		{18D493AC-D1A4-42D9-8930-255B9B6891BB}.Debug|x86.Build.0 = Debug|x86
		{18D493AC-D1A4-42D9-8930-255B9B6891BB}.Release|Any CPU.ActiveCfg = Release|Any CPU
		{18D493AC-D1A4-42D9-8930-255B9B6891BB}.Release|Any CPU.Build.0 = Release|Any CPU
		{18D493AC-D1A4-42D9-8930-255B9B6891BB}.Release|x86.ActiveCfg = Release|x86
		{18D493AC-D1A4-42D9-8930-255B9B6891BB}.Release|x86.Build.0 = Release|x86
		{D9C78EE9-AA4B-44C3-9A82-90D8313C9812}.Debug|Any CPU.ActiveCfg = Debug|Any CPU
		{D9C78EE9-AA4B-44C3-9A82-90D8313C9812}.Debug|Any CPU.Build.0 = Debug|Any CPU
		{D9C78EE9-AA4B-44C3-9A82-90D8313C9812}.Debug|x86.ActiveCfg = Debug|Any CPU
		{D9C78EE9-AA4B-44C3-9A82-90D8313C9812}.Release|Any CPU.ActiveCfg = Release|Any CPU
		{D9C78EE9-AA4B-44C3-9A82-90D8313C9812}.Release|Any CPU.Build.0 = Release|Any CPU
		{D9C78EE9-AA4B-44C3-9A82-90D8313C9812}.Release|x86.ActiveCfg = Release|Any CPU
	EndGlobalSection
	GlobalSection(SolutionProperties) = preSolution
		HideSolutionNode = FALSE
	EndGlobalSection
EndGlobal
